
Microsoft Visual Studio Solution File, Format Version 12.00
# Visual Studio 15
Project("{F2A71F9B-5D33-465A-A702-920D77279786}") = "HttpClientTestNotHostedServiceFSharp", "HttpClientTestNotHostedServiceFSharp\HttpClientTestNotHostedServiceFSharp.fsproj", "{DDC07EED-6CD6-483B-A712-2FE221A60645}"
EndProject
Global
	GlobalSection(SolutionConfigurationPlatforms) = preSolution
		Debug|Any CPU = Debug|Any CPU
		Release|Any CPU = Release|Any CPU
	EndGlobalSection
	GlobalSection(ProjectConfigurationPlatforms) = postSolution
		{DDC07EED-6CD6-483B-A712-2FE221A60645}.Debug|Any CPU.ActiveCfg = Debug|Any CPU
		{DDC07EED-6CD6-483B-A712-2FE221A60645}.Debug|Any CPU.Build.0 = Debug|Any CPU
		{DDC07EED-6CD6-483B-A712-2FE221A60645}.Release|Any CPU.ActiveCfg = Release|Any CPU
		{DDC07EED-6CD6-483B-A712-2FE221A60645}.Release|Any CPU.Build.0 = Release|Any CPU
	EndGlobalSection
EndGlobal
